
Microsoft Visual Studio Solution File, Format Version 12.00
# Visual Studio 15
VisualStudioVersion = 15.0.28307.421
MinimumVisualStudioVersion = 10.0.40219.1
Project("{8BC9CEB8-8B4A-11D0-8D11-00A0C91BC942}") = "portability_test64", "demo\unittests\portability_test64.vcxproj", "{B71CD9E6-CFEF-3575-87D5-617FDD367A11}"
EndProject
Project("{8BC9CEB8-8B4A-11D0-8D11-00A0C91BC942}") = "sandbox", "demo\sandbox\sandbox.vcxproj", "{72F78C92-3BA4-32E0-AB74-9966F12E05B1}"
EndProject
Project("{8BC9CEB8-8B4A-11D0-8D11-00A0C91BC942}") = "sandbox_json", "demo\sandbox\sandbox_json.vcxproj", "{664CCC7F-33DB-3B45-9BC5-B16C887FCD60}"
EndProject
Project("{8BC9CEB8-8B4A-11D0-8D11-00A0C91BC942}") = "sandbox_rtti", "demo\sandbox\sandbox_rtti.vcxproj", "{FEF32329-54E3-31EB-9887-3851A48E6C47}"
EndProject
Project("{8BC9CEB8-8B4A-11D0-8D11-00A0C91BC942}") = "sandbox_vs", "demo\sandbox\sandbox_vs.vcxproj", "{1F8D62AD-606F-34D2-9176-456075C5D084}"
	ProjectSection(ProjectDependencies) = postProject
		{EE20782E-41F9-3BCA-BAFD-A0C605BD14F2} = {EE20782E-41F9-3BCA-BAFD-A0C605BD14F2}
	EndProjectSection
EndProject
Project("{8BC9CEB8-8B4A-11D0-8D11-00A0C91BC942}") = "test_array", "demo\unittests\test_array.vcxproj", "{D47BF8E7-9CBC-31F0-9241-B672A6C8A78F}"
EndProject
Project("{8BC9CEB8-8B4A-11D0-8D11-00A0C91BC942}") = "test_atomic", "demo\unittests\test_atomic.vcxproj", "{F9D99859-4A69-33C4-A9AA-E258196825CB}"
EndProject
Project("{8BC9CEB8-8B4A-11D0-8D11-00A0C91BC942}") = "test_basic_string", "demo\unittests\test_basic_string.vcxproj", "{2711E5FA-6516-3F05-B846-CFC5ADE44548}"
EndProject
Project("{8BC9CEB8-8B4A-11D0-8D11-00A0C91BC942}") = "test_bitset", "demo\unittests\test_bitset.vcxproj", "{F5AFF2EA-7F1A-31D3-B4BF-BECAEC9A4F44}"
EndProject
Project("{8BC9CEB8-8B4A-11D0-8D11-00A0C91BC942}") = "test_chrono", "demo\unittests\test_chrono.vcxproj", "{EC451BCB-84E4-3EDA-92F8-CB356E9F71E9}"
EndProject
Project("{8BC9CEB8-8B4A-11D0-8D11-00A0C91BC942}") = "test_complex", "demo\unittests\test_complex.vcxproj", "{DEA2C8C8-EFB0-326D-8B9F-65146658B615}"
EndProject
Project("{8BC9CEB8-8B4A-11D0-8D11-00A0C91BC942}") = "test_defer", "demo\unittests\test_defer.vcxproj", "{DCC22C6D-A127-3D17-BE4E-333CCC992729}"
EndProject
Project("{8BC9CEB8-8B4A-11D0-8D11-00A0C91BC942}") = "test_deque", "demo\unittests\test_deque.vcxproj", "{EE893DB6-3A1F-32D5-97BC-3073E23A7DCB}"
EndProject
Project("{8BC9CEB8-8B4A-11D0-8D11-00A0C91BC942}") = "test_forward_list", "demo\unittests\test_forward_list.vcxproj", "{36BAE2EE-BB5D-3930-A74E-5284E18914F9}"
EndProject
Project("{8BC9CEB8-8B4A-11D0-8D11-00A0C91BC942}") = "test_list", "demo\unittests\test_list.vcxproj", "{C3090E5F-5FEC-3378-9D4A-6451E5700558}"
EndProject
Project("{8BC9CEB8-8B4A-11D0-8D11-00A0C91BC942}") = "test_load_construct", "demo\unittests\test_load_construct.vcxproj", "{EC907D2B-CFEE-362D-BBBE-F59425CFE72F}"
EndProject
Project("{8BC9CEB8-8B4A-11D0-8D11-00A0C91BC942}") = "test_map", "demo\unittests\test_map.vcxproj", "{80E4B386-0A5F-31AF-9802-B33E2F7CE390}"
EndProject
Project("{8BC9CEB8-8B4A-11D0-8D11-00A0C91BC942}") = "test_memory", "demo\unittests\test_memory.vcxproj", "{3DE17715-9A98-38C2-ABE0-961EC8309031}"
EndProject
Project("{8BC9CEB8-8B4A-11D0-8D11-00A0C91BC942}") = "test_memory_cycles", "demo\unittests\test_memory_cycles.vcxproj", "{4AC15E26-6879-39E4-B1B6-2CFF47D9AD16}"
EndProject
Project("{8BC9CEB8-8B4A-11D0-8D11-00A0C91BC942}") = "test_multimap", "demo\unittests\test_multimap.vcxproj", "{F2DFE8B7-168A-3A03-AC75-4D439DA48A7B}"
EndProject
Project("{8BC9CEB8-8B4A-11D0-8D11-00A0C91BC942}") = "test_multiset", "demo\unittests\test_multiset.vcxproj", "{39BACDEE-2042-32E8-9419-AA17F2BD3C4D}"
EndProject
Project("{8BC9CEB8-8B4A-11D0-8D11-00A0C91BC942}") = "test_pair", "demo\unittests\test_pair.vcxproj", "{3A914136-E111-3CAA-BA1B-79705CBEF8BD}"
EndProject
Project("{8BC9CEB8-8B4A-11D0-8D11-00A0C91BC942}") = "test_pod", "demo\unittests\test_pod.vcxproj", "{BB2950EF-044D-3BCE-BF74-97C7768608FA}"
EndProject
Project("{8BC9CEB8-8B4A-11D0-8D11-00A0C91BC942}") = "test_polymorphic", "demo\unittests\test_polymorphic.vcxproj", "{2DFC8E6E-99CE-31ED-9C8C-0E65D827D7FB}"
EndProject
Project("{8BC9CEB8-8B4A-11D0-8D11-00A0C91BC942}") = "test_portable_binary_archive", "demo\unittests\test_portable_binary_archive.vcxproj", "{9F940FFA-35FC-3591-BBD1-054D80156886}"
EndProject
Project("{8BC9CEB8-8B4A-11D0-8D11-00A0C91BC942}") = "test_priority_queue", "demo\unittests\test_priority_queue.vcxproj", "{70F7BC79-4CD0-3454-8DB8-9366A952626C}"
EndProject
Project("{8BC9CEB8-8B4A-11D0-8D11-00A0C91BC942}") = "test_queue", "demo\unittests\test_queue.vcxproj", "{015CDF9C-9D5F-3724-9F8E-3A12731BF3AD}"
EndProject
Project("{8BC9CEB8-8B4A-11D0-8D11-00A0C91BC942}") = "test_set", "demo\unittests\test_set.vcxproj", "{AB808406-426E-3AEB-ABE3-070595A2F91D}"
EndProject
Project("{8BC9CEB8-8B4A-11D0-8D11-00A0C91BC942}") = "test_stack", "demo\unittests\test_stack.vcxproj", "{927D63B5-D2E5-3450-9129-B9D73E774192}"
EndProject
Project("{8BC9CEB8-8B4A-11D0-8D11-00A0C91BC942}") = "test_structs", "demo\unittests\test_structs.vcxproj", "{DCC0CDD7-DDBA-36FE-BB98-F94A4E408688}"
EndProject
Project("{8BC9CEB8-8B4A-11D0-8D11-00A0C91BC942}") = "test_structs_minimal", "demo\unittests\test_structs_minimal.vcxproj", "{55ABD2CB-7CC5-32A7-8681-9631AB72B7B8}"
EndProject
Project("{8BC9CEB8-8B4A-11D0-8D11-00A0C91BC942}") = "test_structs_specialized", "demo\unittests\test_structs_specialized.vcxproj", "{21AE23E8-2870-366B-A084-1B6FC34D62AA}"
EndProject
Project("{8BC9CEB8-8B4A-11D0-8D11-00A0C91BC942}") = "test_tuple", "demo\unittests\test_tuple.vcxproj", "{A6D094B5-BA40-32FD-92D1-CA884D2E07D0}"
EndProject
Project("{8BC9CEB8-8B4A-11D0-8D11-00A0C91BC942}") = "test_unordered_loads", "demo\unittests\test_unordered_loads.vcxproj", "{B5C5155F-3AD2-311A-8BA4-49CD3E46653B}"
EndProject
Project("{8BC9CEB8-8B4A-11D0-8D11-00A0C91BC942}") = "test_unordered_map", "demo\unittests\test_unordered_map.vcxproj", "{E62BAD50-B5EA-32C4-B068-97619A17F03E}"
EndProject
Project("{8BC9CEB8-8B4A-11D0-8D11-00A0C91BC942}") = "test_unordered_multimap", "demo\unittests\test_unordered_multimap.vcxproj", "{2C3F3207-CD14-31B6-8F26-A30C2E3EB81C}"
EndProject
Project("{8BC9CEB8-8B4A-11D0-8D11-00A0C91BC942}") = "test_unordered_multiset", "demo\unittests\test_unordered_multiset.vcxproj", "{970C0F30-DBAC-33F0-AD9C-992272311C39}"
EndProject
Project("{8BC9CEB8-8B4A-11D0-8D11-00A0C91BC942}") = "test_unordered_set", "demo\unittests\test_unordered_set.vcxproj", "{23554783-DFA2-3BB5-A947-E0A89BC466F6}"
EndProject
Project("{8BC9CEB8-8B4A-11D0-8D11-00A0C91BC942}") = "test_user_data_adapters", "demo\unittests\test_user_data_adapters.vcxproj", "{1CE00CDB-B04D-32DE-A4C7-803A7B0DF745}"
EndProject
Project("{8BC9CEB8-8B4A-11D0-8D11-00A0C91BC942}") = "test_valarray", "demo\unittests\test_valarray.vcxproj", "{0DC97D40-C8C9-39AA-86B0-0D48EB8C1661}"
EndProject
Project("{8BC9CEB8-8B4A-11D0-8D11-00A0C91BC942}") = "test_vector", "demo\unittests\test_vector.vcxproj", "{B13AC2BA-3788-357F-B474-C8D69E9536FF}"
EndProject
Project("{8BC9CEB8-8B4A-11D0-8D11-00A0C91BC942}") = "test_versioning", "demo\unittests\test_versioning.vcxproj", "{39C26275-C9F7-35DE-AB05-11650B90DE32}"
EndProject
Project("{2150E333-8FDC-42A3-9474-1A3956D46DE8}") = "1_demo", "1_demo", "{E4C4858D-5BB9-4B25-ABE7-533B539D8E4D}"
EndProject
Project("{2150E333-8FDC-42A3-9474-1A3956D46DE8}") = "sandbox", "sandbox", "{B75A7656-D0DA-487B-8243-AEDC1302A4B9}"
EndProject
Project("{2150E333-8FDC-42A3-9474-1A3956D46DE8}") = "unittests", "unittests", "{A3D455C4-9FA8-40BA-B67E-B9722D345648}"
EndProject
Project("{2150E333-8FDC-42A3-9474-1A3956D46DE8}") = "0_lib", "0_lib", "{F9B33C1E-C5AC-422C-B3B1-A8609CC4F9D9}"
EndProject
Project("{2150E333-8FDC-42A3-9474-1A3956D46DE8}") = "1_exe", "1_exe", "{492D574A-775E-4487-A381-A85E3AE11852}"
EndProject
Project("{8BC9CEB8-8B4A-11D0-8D11-00A0C91BC942}") = "libsandbox_vs", "demo\sandbox\libsandbox_vs.vcxproj", "{EE20782E-41F9-3BCA-BAFD-A0C605BD14F2}"
EndProject
Global
	GlobalSection(SolutionConfigurationPlatforms) = preSolution
		Debug|x64 = Debug|x64
		Release|x64 = Release|x64
	EndGlobalSection
	GlobalSection(ProjectConfigurationPlatforms) = postSolution
		{B71CD9E6-CFEF-3575-87D5-617FDD367A11}.Debug|x64.ActiveCfg = Debug|x64
		{B71CD9E6-CFEF-3575-87D5-617FDD367A11}.Debug|x64.Build.0 = Debug|x64
		{B71CD9E6-CFEF-3575-87D5-617FDD367A11}.Release|x64.ActiveCfg = Release|x64
		{B71CD9E6-CFEF-3575-87D5-617FDD367A11}.Release|x64.Build.0 = Release|x64
		{72F78C92-3BA4-32E0-AB74-9966F12E05B1}.Debug|x64.ActiveCfg = Debug|x64
		{72F78C92-3BA4-32E0-AB74-9966F12E05B1}.Debug|x64.Build.0 = Debug|x64
		{72F78C92-3BA4-32E0-AB74-9966F12E05B1}.Release|x64.ActiveCfg = Release|x64
		{72F78C92-3BA4-32E0-AB74-9966F12E05B1}.Release|x64.Build.0 = Release|x64
		{664CCC7F-33DB-3B45-9BC5-B16C887FCD60}.Debug|x64.ActiveCfg = Debug|x64
		{664CCC7F-33DB-3B45-9BC5-B16C887FCD60}.Debug|x64.Build.0 = Debug|x64
		{664CCC7F-33DB-3B45-9BC5-B16C887FCD60}.Release|x64.ActiveCfg = Release|x64
		{664CCC7F-33DB-3B45-9BC5-B16C887FCD60}.Release|x64.Build.0 = Release|x64
		{FEF32329-54E3-31EB-9887-3851A48E6C47}.Debug|x64.ActiveCfg = Debug|x64
		{FEF32329-54E3-31EB-9887-3851A48E6C47}.Debug|x64.Build.0 = Debug|x64
		{FEF32329-54E3-31EB-9887-3851A48E6C47}.Release|x64.ActiveCfg = Release|x64
		{FEF32329-54E3-31EB-9887-3851A48E6C47}.Release|x64.Build.0 = Release|x64
		{1F8D62AD-606F-34D2-9176-456075C5D084}.Debug|x64.ActiveCfg = Debug|x64
		{1F8D62AD-606F-34D2-9176-456075C5D084}.Debug|x64.Build.0 = Debug|x64
		{1F8D62AD-606F-34D2-9176-456075C5D084}.Release|x64.ActiveCfg = Release|x64
		{1F8D62AD-606F-34D2-9176-456075C5D084}.Release|x64.Build.0 = Release|x64
		{D47BF8E7-9CBC-31F0-9241-B672A6C8A78F}.Debug|x64.ActiveCfg = Debug|x64
		{D47BF8E7-9CBC-31F0-9241-B672A6C8A78F}.Debug|x64.Build.0 = Debug|x64
		{D47BF8E7-9CBC-31F0-9241-B672A6C8A78F}.Release|x64.ActiveCfg = Release|x64
		{D47BF8E7-9CBC-31F0-9241-B672A6C8A78F}.Release|x64.Build.0 = Release|x64
		{F9D99859-4A69-33C4-A9AA-E258196825CB}.Debug|x64.ActiveCfg = Debug|x64
		{F9D99859-4A69-33C4-A9AA-E258196825CB}.Debug|x64.Build.0 = Debug|x64
		{F9D99859-4A69-33C4-A9AA-E258196825CB}.Release|x64.ActiveCfg = Release|x64
		{F9D99859-4A69-33C4-A9AA-E258196825CB}.Release|x64.Build.0 = Release|x64
		{2711E5FA-6516-3F05-B846-CFC5ADE44548}.Debug|x64.ActiveCfg = Debug|x64
		{2711E5FA-6516-3F05-B846-CFC5ADE44548}.Debug|x64.Build.0 = Debug|x64
		{2711E5FA-6516-3F05-B846-CFC5ADE44548}.Release|x64.ActiveCfg = Release|x64
		{2711E5FA-6516-3F05-B846-CFC5ADE44548}.Release|x64.Build.0 = Release|x64
		{F5AFF2EA-7F1A-31D3-B4BF-BECAEC9A4F44}.Debug|x64.ActiveCfg = Debug|x64
		{F5AFF2EA-7F1A-31D3-B4BF-BECAEC9A4F44}.Debug|x64.Build.0 = Debug|x64
		{F5AFF2EA-7F1A-31D3-B4BF-BECAEC9A4F44}.Release|x64.ActiveCfg = Release|x64
		{F5AFF2EA-7F1A-31D3-B4BF-BECAEC9A4F44}.Release|x64.Build.0 = Release|x64
		{EC451BCB-84E4-3EDA-92F8-CB356E9F71E9}.Debug|x64.ActiveCfg = Debug|x64
		{EC451BCB-84E4-3EDA-92F8-CB356E9F71E9}.Debug|x64.Build.0 = Debug|x64
		{EC451BCB-84E4-3EDA-92F8-CB356E9F71E9}.Release|x64.ActiveCfg = Release|x64
		{EC451BCB-84E4-3EDA-92F8-CB356E9F71E9}.Release|x64.Build.0 = Release|x64
		{DEA2C8C8-EFB0-326D-8B9F-65146658B615}.Debug|x64.ActiveCfg = Debug|x64
		{DEA2C8C8-EFB0-326D-8B9F-65146658B615}.Debug|x64.Build.0 = Debug|x64
		{DEA2C8C8-EFB0-326D-8B9F-65146658B615}.Release|x64.ActiveCfg = Release|x64
		{DEA2C8C8-EFB0-326D-8B9F-65146658B615}.Release|x64.Build.0 = Release|x64
		{DCC22C6D-A127-3D17-BE4E-333CCC992729}.Debug|x64.ActiveCfg = Debug|x64
		{DCC22C6D-A127-3D17-BE4E-333CCC992729}.Debug|x64.Build.0 = Debug|x64
		{DCC22C6D-A127-3D17-BE4E-333CCC992729}.Release|x64.ActiveCfg = Release|x64
		{DCC22C6D-A127-3D17-BE4E-333CCC992729}.Release|x64.Build.0 = Release|x64
		{EE893DB6-3A1F-32D5-97BC-3073E23A7DCB}.Debug|x64.ActiveCfg = Debug|x64
		{EE893DB6-3A1F-32D5-97BC-3073E23A7DCB}.Debug|x64.Build.0 = Debug|x64
		{EE893DB6-3A1F-32D5-97BC-3073E23A7DCB}.Release|x64.ActiveCfg = Release|x64
		{EE893DB6-3A1F-32D5-97BC-3073E23A7DCB}.Release|x64.Build.0 = Release|x64
		{36BAE2EE-BB5D-3930-A74E-5284E18914F9}.Debug|x64.ActiveCfg = Debug|x64
		{36BAE2EE-BB5D-3930-A74E-5284E18914F9}.Debug|x64.Build.0 = Debug|x64
		{36BAE2EE-BB5D-3930-A74E-5284E18914F9}.Release|x64.ActiveCfg = Release|x64
		{36BAE2EE-BB5D-3930-A74E-5284E18914F9}.Release|x64.Build.0 = Release|x64
		{C3090E5F-5FEC-3378-9D4A-6451E5700558}.Debug|x64.ActiveCfg = Debug|x64
		{C3090E5F-5FEC-3378-9D4A-6451E5700558}.Debug|x64.Build.0 = Debug|x64
		{C3090E5F-5FEC-3378-9D4A-6451E5700558}.Release|x64.ActiveCfg = Release|x64
		{C3090E5F-5FEC-3378-9D4A-6451E5700558}.Release|x64.Build.0 = Release|x64
		{EC907D2B-CFEE-362D-BBBE-F59425CFE72F}.Debug|x64.ActiveCfg = Debug|x64
		{EC907D2B-CFEE-362D-BBBE-F59425CFE72F}.Debug|x64.Build.0 = Debug|x64
		{EC907D2B-CFEE-362D-BBBE-F59425CFE72F}.Release|x64.ActiveCfg = Release|x64
		{EC907D2B-CFEE-362D-BBBE-F59425CFE72F}.Release|x64.Build.0 = Release|x64
		{80E4B386-0A5F-31AF-9802-B33E2F7CE390}.Debug|x64.ActiveCfg = Debug|x64
		{80E4B386-0A5F-31AF-9802-B33E2F7CE390}.Debug|x64.Build.0 = Debug|x64
		{80E4B386-0A5F-31AF-9802-B33E2F7CE390}.Release|x64.ActiveCfg = Release|x64
		{80E4B386-0A5F-31AF-9802-B33E2F7CE390}.Release|x64.Build.0 = Release|x64
		{3DE17715-9A98-38C2-ABE0-961EC8309031}.Debug|x64.ActiveCfg = Debug|x64
		{3DE17715-9A98-38C2-ABE0-961EC8309031}.Debug|x64.Build.0 = Debug|x64
		{3DE17715-9A98-38C2-ABE0-961EC8309031}.Release|x64.ActiveCfg = Release|x64
		{3DE17715-9A98-38C2-ABE0-961EC8309031}.Release|x64.Build.0 = Release|x64
		{4AC15E26-6879-39E4-B1B6-2CFF47D9AD16}.Debug|x64.ActiveCfg = Debug|x64
		{4AC15E26-6879-39E4-B1B6-2CFF47D9AD16}.Debug|x64.Build.0 = Debug|x64
		{4AC15E26-6879-39E4-B1B6-2CFF47D9AD16}.Release|x64.ActiveCfg = Release|x64
		{4AC15E26-6879-39E4-B1B6-2CFF47D9AD16}.Release|x64.Build.0 = Release|x64
		{F2DFE8B7-168A-3A03-AC75-4D439DA48A7B}.Debug|x64.ActiveCfg = Debug|x64
		{F2DFE8B7-168A-3A03-AC75-4D439DA48A7B}.Debug|x64.Build.0 = Debug|x64
		{F2DFE8B7-168A-3A03-AC75-4D439DA48A7B}.Release|x64.ActiveCfg = Release|x64
		{F2DFE8B7-168A-3A03-AC75-4D439DA48A7B}.Release|x64.Build.0 = Release|x64
		{39BACDEE-2042-32E8-9419-AA17F2BD3C4D}.Debug|x64.ActiveCfg = Debug|x64
		{39BACDEE-2042-32E8-9419-AA17F2BD3C4D}.Debug|x64.Build.0 = Debug|x64
		{39BACDEE-2042-32E8-9419-AA17F2BD3C4D}.Release|x64.ActiveCfg = Release|x64
		{39BACDEE-2042-32E8-9419-AA17F2BD3C4D}.Release|x64.Build.0 = Release|x64
		{3A914136-E111-3CAA-BA1B-79705CBEF8BD}.Debug|x64.ActiveCfg = Debug|x64
		{3A914136-E111-3CAA-BA1B-79705CBEF8BD}.Debug|x64.Build.0 = Debug|x64
		{3A914136-E111-3CAA-BA1B-79705CBEF8BD}.Release|x64.ActiveCfg = Release|x64
		{3A914136-E111-3CAA-BA1B-79705CBEF8BD}.Release|x64.Build.0 = Release|x64
		{BB2950EF-044D-3BCE-BF74-97C7768608FA}.Debug|x64.ActiveCfg = Debug|x64
		{BB2950EF-044D-3BCE-BF74-97C7768608FA}.Debug|x64.Build.0 = Debug|x64
		{BB2950EF-044D-3BCE-BF74-97C7768608FA}.Release|x64.ActiveCfg = Release|x64
		{BB2950EF-044D-3BCE-BF74-97C7768608FA}.Release|x64.Build.0 = Release|x64
		{2DFC8E6E-99CE-31ED-9C8C-0E65D827D7FB}.Debug|x64.ActiveCfg = Debug|x64
		{2DFC8E6E-99CE-31ED-9C8C-0E65D827D7FB}.Debug|x64.Build.0 = Debug|x64
		{2DFC8E6E-99CE-31ED-9C8C-0E65D827D7FB}.Release|x64.ActiveCfg = Release|x64
		{2DFC8E6E-99CE-31ED-9C8C-0E65D827D7FB}.Release|x64.Build.0 = Release|x64
		{9F940FFA-35FC-3591-BBD1-054D80156886}.Debug|x64.ActiveCfg = Debug|x64
		{9F940FFA-35FC-3591-BBD1-054D80156886}.Debug|x64.Build.0 = Debug|x64
		{9F940FFA-35FC-3591-BBD1-054D80156886}.Release|x64.ActiveCfg = Release|x64
		{9F940FFA-35FC-3591-BBD1-054D80156886}.Release|x64.Build.0 = Release|x64
		{70F7BC79-4CD0-3454-8DB8-9366A952626C}.Debug|x64.ActiveCfg = Debug|x64
		{70F7BC79-4CD0-3454-8DB8-9366A952626C}.Debug|x64.Build.0 = Debug|x64
		{70F7BC79-4CD0-3454-8DB8-9366A952626C}.Release|x64.ActiveCfg = Release|x64
		{70F7BC79-4CD0-3454-8DB8-9366A952626C}.Release|x64.Build.0 = Release|x64
		{015CDF9C-9D5F-3724-9F8E-3A12731BF3AD}.Debug|x64.ActiveCfg = Debug|x64
		{015CDF9C-9D5F-3724-9F8E-3A12731BF3AD}.Debug|x64.Build.0 = Debug|x64
		{015CDF9C-9D5F-3724-9F8E-3A12731BF3AD}.Release|x64.ActiveCfg = Release|x64
		{015CDF9C-9D5F-3724-9F8E-3A12731BF3AD}.Release|x64.Build.0 = Release|x64
		{AB808406-426E-3AEB-ABE3-070595A2F91D}.Debug|x64.ActiveCfg = Debug|x64
		{AB808406-426E-3AEB-ABE3-070595A2F91D}.Debug|x64.Build.0 = Debug|x64
		{AB808406-426E-3AEB-ABE3-070595A2F91D}.Release|x64.ActiveCfg = Release|x64
		{AB808406-426E-3AEB-ABE3-070595A2F91D}.Release|x64.Build.0 = Release|x64
		{927D63B5-D2E5-3450-9129-B9D73E774192}.Debug|x64.ActiveCfg = Debug|x64
		{927D63B5-D2E5-3450-9129-B9D73E774192}.Debug|x64.Build.0 = Debug|x64
		{927D63B5-D2E5-3450-9129-B9D73E774192}.Release|x64.ActiveCfg = Release|x64
		{927D63B5-D2E5-3450-9129-B9D73E774192}.Release|x64.Build.0 = Release|x64
		{DCC0CDD7-DDBA-36FE-BB98-F94A4E408688}.Debug|x64.ActiveCfg = Debug|x64
		{DCC0CDD7-DDBA-36FE-BB98-F94A4E408688}.Debug|x64.Build.0 = Debug|x64
		{DCC0CDD7-DDBA-36FE-BB98-F94A4E408688}.Release|x64.ActiveCfg = Release|x64
		{DCC0CDD7-DDBA-36FE-BB98-F94A4E408688}.Release|x64.Build.0 = Release|x64
		{55ABD2CB-7CC5-32A7-8681-9631AB72B7B8}.Debug|x64.ActiveCfg = Debug|x64
		{55ABD2CB-7CC5-32A7-8681-9631AB72B7B8}.Debug|x64.Build.0 = Debug|x64
		{55ABD2CB-7CC5-32A7-8681-9631AB72B7B8}.Release|x64.ActiveCfg = Release|x64
		{55ABD2CB-7CC5-32A7-8681-9631AB72B7B8}.Release|x64.Build.0 = Release|x64
		{21AE23E8-2870-366B-A084-1B6FC34D62AA}.Debug|x64.ActiveCfg = Debug|x64
		{21AE23E8-2870-366B-A084-1B6FC34D62AA}.Debug|x64.Build.0 = Debug|x64
		{21AE23E8-2870-366B-A084-1B6FC34D62AA}.Release|x64.ActiveCfg = Release|x64
		{21AE23E8-2870-366B-A084-1B6FC34D62AA}.Release|x64.Build.0 = Release|x64
		{A6D094B5-BA40-32FD-92D1-CA884D2E07D0}.Debug|x64.ActiveCfg = Debug|x64
		{A6D094B5-BA40-32FD-92D1-CA884D2E07D0}.Debug|x64.Build.0 = Debug|x64
		{A6D094B5-BA40-32FD-92D1-CA884D2E07D0}.Release|x64.ActiveCfg = Release|x64
		{A6D094B5-BA40-32FD-92D1-CA884D2E07D0}.Release|x64.Build.0 = Release|x64
		{B5C5155F-3AD2-311A-8BA4-49CD3E46653B}.Debug|x64.ActiveCfg = Debug|x64
		{B5C5155F-3AD2-311A-8BA4-49CD3E46653B}.Debug|x64.Build.0 = Debug|x64
		{B5C5155F-3AD2-311A-8BA4-49CD3E46653B}.Release|x64.ActiveCfg = Release|x64
		{B5C5155F-3AD2-311A-8BA4-49CD3E46653B}.Release|x64.Build.0 = Release|x64
		{E62BAD50-B5EA-32C4-B068-97619A17F03E}.Debug|x64.ActiveCfg = Debug|x64
		{E62BAD50-B5EA-32C4-B068-97619A17F03E}.Debug|x64.Build.0 = Debug|x64
		{E62BAD50-B5EA-32C4-B068-97619A17F03E}.Release|x64.ActiveCfg = Release|x64
		{E62BAD50-B5EA-32C4-B068-97619A17F03E}.Release|x64.Build.0 = Release|x64
		{2C3F3207-CD14-31B6-8F26-A30C2E3EB81C}.Debug|x64.ActiveCfg = Debug|x64
		{2C3F3207-CD14-31B6-8F26-A30C2E3EB81C}.Debug|x64.Build.0 = Debug|x64
		{2C3F3207-CD14-31B6-8F26-A30C2E3EB81C}.Release|x64.ActiveCfg = Release|x64
		{2C3F3207-CD14-31B6-8F26-A30C2E3EB81C}.Release|x64.Build.0 = Release|x64
		{970C0F30-DBAC-33F0-AD9C-992272311C39}.Debug|x64.ActiveCfg = Debug|x64
		{970C0F30-DBAC-33F0-AD9C-992272311C39}.Debug|x64.Build.0 = Debug|x64
		{970C0F30-DBAC-33F0-AD9C-992272311C39}.Release|x64.ActiveCfg = Release|x64
		{970C0F30-DBAC-33F0-AD9C-992272311C39}.Release|x64.Build.0 = Release|x64
		{23554783-DFA2-3BB5-A947-E0A89BC466F6}.Debug|x64.ActiveCfg = Debug|x64
		{23554783-DFA2-3BB5-A947-E0A89BC466F6}.Debug|x64.Build.0 = Debug|x64
		{23554783-DFA2-3BB5-A947-E0A89BC466F6}.Release|x64.ActiveCfg = Release|x64
		{23554783-DFA2-3BB5-A947-E0A89BC466F6}.Release|x64.Build.0 = Release|x64
		{1CE00CDB-B04D-32DE-A4C7-803A7B0DF745}.Debug|x64.ActiveCfg = Debug|x64
		{1CE00CDB-B04D-32DE-A4C7-803A7B0DF745}.Debug|x64.Build.0 = Debug|x64
		{1CE00CDB-B04D-32DE-A4C7-803A7B0DF745}.Release|x64.ActiveCfg = Release|x64
		{1CE00CDB-B04D-32DE-A4C7-803A7B0DF745}.Release|x64.Build.0 = Release|x64
		{0DC97D40-C8C9-39AA-86B0-0D48EB8C1661}.Debug|x64.ActiveCfg = Debug|x64
		{0DC97D40-C8C9-39AA-86B0-0D48EB8C1661}.Debug|x64.Build.0 = Debug|x64
		{0DC97D40-C8C9-39AA-86B0-0D48EB8C1661}.Release|x64.ActiveCfg = Release|x64
		{0DC97D40-C8C9-39AA-86B0-0D48EB8C1661}.Release|x64.Build.0 = Release|x64
		{B13AC2BA-3788-357F-B474-C8D69E9536FF}.Debug|x64.ActiveCfg = Debug|x64
		{B13AC2BA-3788-357F-B474-C8D69E9536FF}.Debug|x64.Build.0 = Debug|x64
		{B13AC2BA-3788-357F-B474-C8D69E9536FF}.Release|x64.ActiveCfg = Release|x64
		{B13AC2BA-3788-357F-B474-C8D69E9536FF}.Release|x64.Build.0 = Release|x64
		{39C26275-C9F7-35DE-AB05-11650B90DE32}.Debug|x64.ActiveCfg = Debug|x64
		{39C26275-C9F7-35DE-AB05-11650B90DE32}.Debug|x64.Build.0 = Debug|x64
		{39C26275-C9F7-35DE-AB05-11650B90DE32}.Release|x64.ActiveCfg = Release|x64
		{39C26275-C9F7-35DE-AB05-11650B90DE32}.Release|x64.Build.0 = Release|x64
		{EE20782E-41F9-3BCA-BAFD-A0C605BD14F2}.Debug|x64.ActiveCfg = Debug|x64
		{EE20782E-41F9-3BCA-BAFD-A0C605BD14F2}.Debug|x64.Build.0 = Debug|x64
		{EE20782E-41F9-3BCA-BAFD-A0C605BD14F2}.Release|x64.ActiveCfg = Release|x64
		{EE20782E-41F9-3BCA-BAFD-A0C605BD14F2}.Release|x64.Build.0 = Release|x64
	EndGlobalSection
	GlobalSection(SolutionProperties) = preSolution
		HideSolutionNode = FALSE
	EndGlobalSection
	GlobalSection(NestedProjects) = preSolution
		{B71CD9E6-CFEF-3575-87D5-617FDD367A11} = {A3D455C4-9FA8-40BA-B67E-B9722D345648}
		{72F78C92-3BA4-32E0-AB74-9966F12E05B1} = {492D574A-775E-4487-A381-A85E3AE11852}
		{664CCC7F-33DB-3B45-9BC5-B16C887FCD60} = {492D574A-775E-4487-A381-A85E3AE11852}
		{FEF32329-54E3-31EB-9887-3851A48E6C47} = {492D574A-775E-4487-A381-A85E3AE11852}
		{1F8D62AD-606F-34D2-9176-456075C5D084} = {492D574A-775E-4487-A381-A85E3AE11852}
		{D47BF8E7-9CBC-31F0-9241-B672A6C8A78F} = {A3D455C4-9FA8-40BA-B67E-B9722D345648}
		{F9D99859-4A69-33C4-A9AA-E258196825CB} = {A3D455C4-9FA8-40BA-B67E-B9722D345648}
		{2711E5FA-6516-3F05-B846-CFC5ADE44548} = {A3D455C4-9FA8-40BA-B67E-B9722D345648}
		{F5AFF2EA-7F1A-31D3-B4BF-BECAEC9A4F44} = {A3D455C4-9FA8-40BA-B67E-B9722D345648}
		{EC451BCB-84E4-3EDA-92F8-CB356E9F71E9} = {A3D455C4-9FA8-40BA-B67E-B9722D345648}
		{DEA2C8C8-EFB0-326D-8B9F-65146658B615} = {A3D455C4-9FA8-40BA-B67E-B9722D345648}
		{DCC22C6D-A127-3D17-BE4E-333CCC992729} = {A3D455C4-9FA8-40BA-B67E-B9722D345648}
		{EE893DB6-3A1F-32D5-97BC-3073E23A7DCB} = {A3D455C4-9FA8-40BA-B67E-B9722D345648}
		{36BAE2EE-BB5D-3930-A74E-5284E18914F9} = {A3D455C4-9FA8-40BA-B67E-B9722D345648}
		{C3090E5F-5FEC-3378-9D4A-6451E5700558} = {A3D455C4-9FA8-40BA-B67E-B9722D345648}
		{EC907D2B-CFEE-362D-BBBE-F59425CFE72F} = {A3D455C4-9FA8-40BA-B67E-B9722D345648}
		{80E4B386-0A5F-31AF-9802-B33E2F7CE390} = {A3D455C4-9FA8-40BA-B67E-B9722D345648}
		{3DE17715-9A98-38C2-ABE0-961EC8309031} = {A3D455C4-9FA8-40BA-B67E-B9722D345648}
		{4AC15E26-6879-39E4-B1B6-2CFF47D9AD16} = {A3D455C4-9FA8-40BA-B67E-B9722D345648}
		{F2DFE8B7-168A-3A03-AC75-4D439DA48A7B} = {A3D455C4-9FA8-40BA-B67E-B9722D345648}
		{39BACDEE-2042-32E8-9419-AA17F2BD3C4D} = {A3D455C4-9FA8-40BA-B67E-B9722D345648}
		{3A914136-E111-3CAA-BA1B-79705CBEF8BD} = {A3D455C4-9FA8-40BA-B67E-B9722D345648}
		{BB2950EF-044D-3BCE-BF74-97C7768608FA} = {A3D455C4-9FA8-40BA-B67E-B9722D345648}
		{2DFC8E6E-99CE-31ED-9C8C-0E65D827D7FB} = {A3D455C4-9FA8-40BA-B67E-B9722D345648}
		{9F940FFA-35FC-3591-BBD1-054D80156886} = {A3D455C4-9FA8-40BA-B67E-B9722D345648}
		{70F7BC79-4CD0-3454-8DB8-9366A952626C} = {A3D455C4-9FA8-40BA-B67E-B9722D345648}
		{015CDF9C-9D5F-3724-9F8E-3A12731BF3AD} = {A3D455C4-9FA8-40BA-B67E-B9722D345648}
		{AB808406-426E-3AEB-ABE3-070595A2F91D} = {A3D455C4-9FA8-40BA-B67E-B9722D345648}
		{927D63B5-D2E5-3450-9129-B9D73E774192} = {A3D455C4-9FA8-40BA-B67E-B9722D345648}
		{DCC0CDD7-DDBA-36FE-BB98-F94A4E408688} = {A3D455C4-9FA8-40BA-B67E-B9722D345648}
		{55ABD2CB-7CC5-32A7-8681-9631AB72B7B8} = {A3D455C4-9FA8-40BA-B67E-B9722D345648}
		{21AE23E8-2870-366B-A084-1B6FC34D62AA} = {A3D455C4-9FA8-40BA-B67E-B9722D345648}
		{A6D094B5-BA40-32FD-92D1-CA884D2E07D0} = {A3D455C4-9FA8-40BA-B67E-B9722D345648}
		{B5C5155F-3AD2-311A-8BA4-49CD3E46653B} = {A3D455C4-9FA8-40BA-B67E-B9722D345648}
		{E62BAD50-B5EA-32C4-B068-97619A17F03E} = {A3D455C4-9FA8-40BA-B67E-B9722D345648}
		{2C3F3207-CD14-31B6-8F26-A30C2E3EB81C} = {A3D455C4-9FA8-40BA-B67E-B9722D345648}
		{970C0F30-DBAC-33F0-AD9C-992272311C39} = {A3D455C4-9FA8-40BA-B67E-B9722D345648}
		{23554783-DFA2-3BB5-A947-E0A89BC466F6} = {A3D455C4-9FA8-40BA-B67E-B9722D345648}
		{1CE00CDB-B04D-32DE-A4C7-803A7B0DF745} = {A3D455C4-9FA8-40BA-B67E-B9722D345648}
		{0DC97D40-C8C9-39AA-86B0-0D48EB8C1661} = {A3D455C4-9FA8-40BA-B67E-B9722D345648}
		{B13AC2BA-3788-357F-B474-C8D69E9536FF} = {A3D455C4-9FA8-40BA-B67E-B9722D345648}
		{39C26275-C9F7-35DE-AB05-11650B90DE32} = {A3D455C4-9FA8-40BA-B67E-B9722D345648}
		{B75A7656-D0DA-487B-8243-AEDC1302A4B9} = {E4C4858D-5BB9-4B25-ABE7-533B539D8E4D}
		{A3D455C4-9FA8-40BA-B67E-B9722D345648} = {E4C4858D-5BB9-4B25-ABE7-533B539D8E4D}
		{F9B33C1E-C5AC-422C-B3B1-A8609CC4F9D9} = {B75A7656-D0DA-487B-8243-AEDC1302A4B9}
		{492D574A-775E-4487-A381-A85E3AE11852} = {B75A7656-D0DA-487B-8243-AEDC1302A4B9}
		{EE20782E-41F9-3BCA-BAFD-A0C605BD14F2} = {F9B33C1E-C5AC-422C-B3B1-A8609CC4F9D9}
	EndGlobalSection
	GlobalSection(ExtensibilityGlobals) = postSolution
		SolutionGuid = {5D5316EE-4A62-3B8D-BBBB-315983C18E73}
	EndGlobalSection
EndGlobal
